// !$*UTF8*$!
{
	archiveVersion = 1;
	classes = {
	};
	objectVersion = 56;
	objects = {

/* Begin PBXBuildFile section */
		365575452C50424B00D808D3 /* AppDelegate.swift in Sources */ = {isa = PBXBuildFile; fileRef = 365575442C50424B00D808D3 /* AppDelegate.swift */; };
		365575472C50424B00D808D3 /* SceneDelegate.swift in Sources */ = {isa = PBXBuildFile; fileRef = 365575462C50424B00D808D3 /* SceneDelegate.swift */; };
		365575492C50424B00D808D3 /* LoginVC.swift in Sources */ = {isa = PBXBuildFile; fileRef = 365575482C50424B00D808D3 /* LoginVC.swift */; };
		3655754E2C50425100D808D3 /* Assets.xcassets in Resources */ = {isa = PBXBuildFile; fileRef = 3655754D2C50425100D808D3 /* Assets.xcassets */; };
		365575512C50425100D808D3 /* LaunchScreen.storyboard in Resources */ = {isa = PBXBuildFile; fileRef = 3655754F2C50425100D808D3 /* LaunchScreen.storyboard */; };
		366F948D2C5D677300C63066 /* LoginScreen.swift in Sources */ = {isa = PBXBuildFile; fileRef = 366F948C2C5D677300C63066 /* LoginScreen.swift */; };
		366F94902C5DE8F800C63066 /* HomeVC.swift in Sources */ = {isa = PBXBuildFile; fileRef = 366F948F2C5DE8F800C63066 /* HomeVC.swift */; };
		92D5DDCC98D4FA479D41F55C /* Pods_FirstViewCodeProject.framework in Frameworks */ = {isa = PBXBuildFile; fileRef = E0DC182A41BA5E01167D344C /* Pods_FirstViewCodeProject.framework */; };
/* End PBXBuildFile section */

/* Begin PBXFileReference section */
		365575412C50424B00D808D3 /* FirstViewCodeProject.app */ = {isa = PBXFileReference; explicitFileType = wrapper.application; includeInIndex = 0; path = FirstViewCodeProject.app; sourceTree = BUILT_PRODUCTS_DIR; };
		365575442C50424B00D808D3 /* AppDelegate.swift */ = {isa = PBXFileReference; lastKnownFileType = sourcecode.swift; path = AppDelegate.swift; sourceTree = "<group>"; };
		365575462C50424B00D808D3 /* SceneDelegate.swift */ = {isa = PBXFileReference; lastKnownFileType = sourcecode.swift; path = SceneDelegate.swift; sourceTree = "<group>"; };
		365575482C50424B00D808D3 /* LoginVC.swift */ = {isa = PBXFileReference; lastKnownFileType = sourcecode.swift; path = LoginVC.swift; sourceTree = "<group>"; };
		3655754D2C50425100D808D3 /* Assets.xcassets */ = {isa = PBXFileReference; lastKnownFileType = folder.assetcatalog; path = Assets.xcassets; sourceTree = "<group>"; };
		365575502C50425100D808D3 /* Base */ = {isa = PBXFileReference; lastKnownFileType = file.storyboard; name = Base; path = Base.lproj/LaunchScreen.storyboard; sourceTree = "<group>"; };
		365575522C50425100D808D3 /* Info.plist */ = {isa = PBXFileReference; lastKnownFileType = text.plist.xml; path = Info.plist; sourceTree = "<group>"; };
		366F948C2C5D677300C63066 /* LoginScreen.swift */ = {isa = PBXFileReference; lastKnownFileType = sourcecode.swift; path = LoginScreen.swift; sourceTree = "<group>"; };
		366F948F2C5DE8F800C63066 /* HomeVC.swift */ = {isa = PBXFileReference; lastKnownFileType = sourcecode.swift; path = HomeVC.swift; sourceTree = "<group>"; };
		5E8327782DB9C33E6732D4D3 /* Pods-FirstViewCodeProject.release.xcconfig */ = {isa = PBXFileReference; includeInIndex = 1; lastKnownFileType = text.xcconfig; name = "Pods-FirstViewCodeProject.release.xcconfig"; path = "Target Support Files/Pods-FirstViewCodeProject/Pods-FirstViewCodeProject.release.xcconfig"; sourceTree = "<group>"; };
		7555A9A227ED645B86C764E5 /* Pods-FirstViewCodeProject.debug.xcconfig */ = {isa = PBXFileReference; includeInIndex = 1; lastKnownFileType = text.xcconfig; name = "Pods-FirstViewCodeProject.debug.xcconfig"; path = "Target Support Files/Pods-FirstViewCodeProject/Pods-FirstViewCodeProject.debug.xcconfig"; sourceTree = "<group>"; };
		E0DC182A41BA5E01167D344C /* Pods_FirstViewCodeProject.framework */ = {isa = PBXFileReference; explicitFileType = wrapper.framework; includeInIndex = 0; path = Pods_FirstViewCodeProject.framework; sourceTree = BUILT_PRODUCTS_DIR; };
/* End PBXFileReference section */

/* Begin PBXFrameworksBuildPhase section */
		3655753E2C50424B00D808D3 /* Frameworks */ = {
			isa = PBXFrameworksBuildPhase;
			buildActionMask = 2147483647;
			files = (
				92D5DDCC98D4FA479D41F55C /* Pods_FirstViewCodeProject.framework in Frameworks */,
			);
			runOnlyForDeploymentPostprocessing = 0;
		};
/* End PBXFrameworksBuildPhase section */

/* Begin PBXGroup section */
		13BA3040306131AD5F8ED7D8 /* Pods */ = {
			isa = PBXGroup;
			children = (
				7555A9A227ED645B86C764E5 /* Pods-FirstViewCodeProject.debug.xcconfig */,
				5E8327782DB9C33E6732D4D3 /* Pods-FirstViewCodeProject.release.xcconfig */,
			);
			path = Pods;
			sourceTree = "<group>";
		};
		365575382C50424B00D808D3 = {
			isa = PBXGroup;
			children = (
				365575432C50424B00D808D3 /* FirstViewCodeProject */,
				365575422C50424B00D808D3 /* Products */,
				13BA3040306131AD5F8ED7D8 /* Pods */,
				5697E99D4F6831C6C6F2AC81 /* Frameworks */,
			);
			sourceTree = "<group>";
		};
		365575422C50424B00D808D3 /* Products */ = {
			isa = PBXGroup;
			children = (
				365575412C50424B00D808D3 /* FirstViewCodeProject.app */,
			);
			name = Products;
			sourceTree = "<group>";
		};
		365575432C50424B00D808D3 /* FirstViewCodeProject */ = {
			isa = PBXGroup;
			children = (
				366F948E2C5DE8AB00C63066 /* Home */,
				366F94892C5D662300C63066 /* Login */,
				365575442C50424B00D808D3 /* AppDelegate.swift */,
				365575462C50424B00D808D3 /* SceneDelegate.swift */,
				3655754D2C50425100D808D3 /* Assets.xcassets */,
				3655754F2C50425100D808D3 /* LaunchScreen.storyboard */,
				365575522C50425100D808D3 /* Info.plist */,
			);
			path = FirstViewCodeProject;
			sourceTree = "<group>";
		};
		366F94892C5D662300C63066 /* Login */ = {
			isa = PBXGroup;
			children = (
				366F948B2C5D664200C63066 /* Screen */,
				366F948A2C5D663900C63066 /* VC */,
			);
			path = Login;
			sourceTree = "<group>";
		};
		366F948A2C5D663900C63066 /* VC */ = {
			isa = PBXGroup;
			children = (
				365575482C50424B00D808D3 /* LoginVC.swift */,
			);
			path = VC;
			sourceTree = "<group>";
		};
		366F948B2C5D664200C63066 /* Screen */ = {
			isa = PBXGroup;
			children = (
				366F948C2C5D677300C63066 /* LoginScreen.swift */,
			);
			path = Screen;
			sourceTree = "<group>";
		};
		366F948E2C5DE8AB00C63066 /* Home */ = {
			isa = PBXGroup;
			children = (
				366F948F2C5DE8F800C63066 /* HomeVC.swift */,
			);
			path = Home;
			sourceTree = "<group>";
		};
		5697E99D4F6831C6C6F2AC81 /* Frameworks */ = {
			isa = PBXGroup;
			children = (
				E0DC182A41BA5E01167D344C /* Pods_FirstViewCodeProject.framework */,
			);
			name = Frameworks;
			sourceTree = "<group>";
		};
/* End PBXGroup section */

/* Begin PBXNativeTarget section */
		365575402C50424B00D808D3 /* FirstViewCodeProject */ = {
			isa = PBXNativeTarget;
			buildConfigurationList = 365575552C50425100D808D3 /* Build configuration list for PBXNativeTarget "FirstViewCodeProject" */;
			buildPhases = (
				02773C5648D7192D09CD6C3A /* [CP] Check Pods Manifest.lock */,
				3655753D2C50424B00D808D3 /* Sources */,
				3655753E2C50424B00D808D3 /* Frameworks */,
				3655753F2C50424B00D808D3 /* Resources */,
				D6722B42EFA654FCB13AEC66 /* [CP] Embed Pods Frameworks */,
			);
			buildRules = (
			);
			dependencies = (
			);
			name = FirstViewCodeProject;
			productName = FirstViewCodeProject;
			productReference = 365575412C50424B00D808D3 /* FirstViewCodeProject.app */;
			productType = "com.apple.product-type.application";
		};
/* End PBXNativeTarget section */

/* Begin PBXProject section */
		365575392C50424B00D808D3 /* Project object */ = {
			isa = PBXProject;
			attributes = {
				BuildIndependentTargetsInParallel = 1;
				LastSwiftUpdateCheck = 1520;
				LastUpgradeCheck = 1520;
				TargetAttributes = {
					365575402C50424B00D808D3 = {
						CreatedOnToolsVersion = 15.2;
					};
				};
			};
			buildConfigurationList = 3655753C2C50424B00D808D3 /* Build configuration list for PBXProject "FirstViewCodeProject" */;
			compatibilityVersion = "Xcode 14.0";
			developmentRegion = en;
			hasScannedForEncodings = 0;
			knownRegions = (
				en,
				Base,
			);
			mainGroup = 365575382C50424B00D808D3;
			productRefGroup = 365575422C50424B00D808D3 /* Products */;
			projectDirPath = "";
			projectRoot = "";
			targets = (
				365575402C50424B00D808D3 /* FirstViewCodeProject */,
			);
		};
/* End PBXProject section */

/* Begin PBXResourcesBuildPhase section */
		3655753F2C50424B00D808D3 /* Resources */ = {
			isa = PBXResourcesBuildPhase;
			buildActionMask = 2147483647;
			files = (
				365575512C50425100D808D3 /* LaunchScreen.storyboard in Resources */,
				3655754E2C50425100D808D3 /* Assets.xcassets in Resources */,
			);
			runOnlyForDeploymentPostprocessing = 0;
		};
/* End PBXResourcesBuildPhase section */

/* Begin PBXShellScriptBuildPhase section */
		02773C5648D7192D09CD6C3A /* [CP] Check Pods Manifest.lock */ = {
			isa = PBXShellScriptBuildPhase;
			buildActionMask = 2147483647;
			files = (
			);
			inputFileListPaths = (
			);
			inputPaths = (
				"${PODS_PODFILE_DIR_PATH}/Podfile.lock",
				"${PODS_ROOT}/Manifest.lock",
			);
			name = "[CP] Check Pods Manifest.lock";
			outputFileListPaths = (
			);
			outputPaths = (
				"$(DERIVED_FILE_DIR)/Pods-FirstViewCodeProject-checkManifestLockResult.txt",
			);
			runOnlyForDeploymentPostprocessing = 0;
			shellPath = /bin/sh;
			shellScript = "diff \"${PODS_PODFILE_DIR_PATH}/Podfile.lock\" \"${PODS_ROOT}/Manifest.lock\" > /dev/null\nif [ $? != 0 ] ; then\n    # print error to STDERR\n    echo \"error: The sandbox is not in sync with the Podfile.lock. Run 'pod install' or update your CocoaPods installation.\" >&2\n    exit 1\nfi\n# This output is used by Xcode 'outputs' to avoid re-running this script phase.\necho \"SUCCESS\" > \"${SCRIPT_OUTPUT_FILE_0}\"\n";
			showEnvVarsInLog = 0;
		};
		D6722B42EFA654FCB13AEC66 /* [CP] Embed Pods Frameworks */ = {
			isa = PBXShellScriptBuildPhase;
			buildActionMask = 2147483647;
			files = (
			);
			inputFileListPaths = (
				"${PODS_ROOT}/Target Support Files/Pods-FirstViewCodeProject/Pods-FirstViewCodeProject-frameworks-${CONFIGURATION}-input-files.xcfilelist",
			);
			name = "[CP] Embed Pods Frameworks";
			outputFileListPaths = (
				"${PODS_ROOT}/Target Support Files/Pods-FirstViewCodeProject/Pods-FirstViewCodeProject-frameworks-${CONFIGURATION}-output-files.xcfilelist",
			);
			runOnlyForDeploymentPostprocessing = 0;
			shellPath = /bin/sh;
			shellScript = "\"${PODS_ROOT}/Target Support Files/Pods-FirstViewCodeProject/Pods-FirstViewCodeProject-frameworks.sh\"\n";
			showEnvVarsInLog = 0;
		};
/* End PBXShellScriptBuildPhase section */

/* Begin PBXSourcesBuildPhase section */
		3655753D2C50424B00D808D3 /* Sources */ = {
			isa = PBXSourcesBuildPhase;
			buildActionMask = 2147483647;
			files = (
				365575492C50424B00D808D3 /* LoginVC.swift in Sources */,
				366F94902C5DE8F800C63066 /* HomeVC.swift in Sources */,
				366F948D2C5D677300C63066 /* LoginScreen.swift in Sources */,
				365575452C50424B00D808D3 /* AppDelegate.swift in Sources */,
				365575472C50424B00D808D3 /* SceneDelegate.swift in Sources */,
			);
			runOnlyForDeploymentPostprocessing = 0;
		};
/* End PBXSourcesBuildPhase section */

/* Begin PBXVariantGroup section */
		3655754F2C50425100D808D3 /* LaunchScreen.storyboard */ = {
			isa = PBXVariantGroup;
			children = (
				365575502C50425100D808D3 /* Base */,
			);
			name = LaunchScreen.storyboard;
			sourceTree = "<group>";
		};
/* End PBXVariantGroup section */

/* Begin XCBuildConfiguration section */
		365575532C50425100D808D3 /* Debug */ = {
			isa = XCBuildConfiguration;
			buildSettings = {
				ALWAYS_SEARCH_USER_PATHS = NO;
				ASSETCATALOG_COMPILER_GENERATE_SWIFT_ASSET_SYMBOL_EXTENSIONS = YES;
				CLANG_ANALYZER_NONNULL = YES;
				CLANG_ANALYZER_NUMBER_OBJECT_CONVERSION = YES_AGGRESSIVE;
				CLANG_CXX_LANGUAGE_STANDARD = "gnu++20";
				CLANG_ENABLE_MODULES = YES;
				CLANG_ENABLE_OBJC_ARC = YES;
				CLANG_ENABLE_OBJC_WEAK = YES;
				CLANG_WARN_BLOCK_CAPTURE_AUTORELEASING = YES;
				CLANG_WARN_BOOL_CONVERSION = YES;
				CLANG_WARN_COMMA = YES;
				CLANG_WARN_CONSTANT_CONVERSION = YES;
				CLANG_WARN_DEPRECATED_OBJC_IMPLEMENTATIONS = YES;
				CLANG_WARN_DIRECT_OBJC_ISA_USAGE = YES_ERROR;
				CLANG_WARN_DOCUMENTATION_COMMENTS = YES;
				CLANG_WARN_EMPTY_BODY = YES;
				CLANG_WARN_ENUM_CONVERSION = YES;
				CLANG_WARN_INFINITE_RECURSION = YES;
				CLANG_WARN_INT_CONVERSION = YES;
				CLANG_WARN_NON_LITERAL_NULL_CONVERSION = YES;
				CLANG_WARN_OBJC_IMPLICIT_RETAIN_SELF = YES;
				CLANG_WARN_OBJC_LITERAL_CONVERSION = YES;
				CLANG_WARN_OBJC_ROOT_CLASS = YES_ERROR;
				CLANG_WARN_QUOTED_INCLUDE_IN_FRAMEWORK_HEADER = YES;
				CLANG_WARN_RANGE_LOOP_ANALYSIS = YES;
				CLANG_WARN_STRICT_PROTOTYPES = YES;
				CLANG_WARN_SUSPICIOUS_MOVE = YES;
				CLANG_WARN_UNGUARDED_AVAILABILITY = YES_AGGRESSIVE;
				CLANG_WARN_UNREACHABLE_CODE = YES;
				CLANG_WARN__DUPLICATE_METHOD_MATCH = YES;
				COPY_PHASE_STRIP = NO;
				DEBUG_INFORMATION_FORMAT = dwarf;
				ENABLE_STRICT_OBJC_MSGSEND = YES;
				ENABLE_TESTABILITY = YES;
				ENABLE_USER_SCRIPT_SANDBOXING = NO;
				GCC_C_LANGUAGE_STANDARD = gnu17;
				GCC_DYNAMIC_NO_PIC = NO;
				GCC_NO_COMMON_BLOCKS = YES;
				GCC_OPTIMIZATION_LEVEL = 0;
				GCC_PREPROCESSOR_DEFINITIONS = (
					"DEBUG=1",
					"$(inherited)",
				);
				GCC_WARN_64_TO_32_BIT_CONVERSION = YES;
				GCC_WARN_ABOUT_RETURN_TYPE = YES_ERROR;
				GCC_WARN_UNDECLARED_SELECTOR = YES;
				GCC_WARN_UNINITIALIZED_AUTOS = YES_AGGRESSIVE;
				GCC_WARN_UNUSED_FUNCTION = YES;
				GCC_WARN_UNUSED_VARIABLE = YES;
				IPHONEOS_DEPLOYMENT_TARGET = 17.2;
				LOCALIZATION_PREFERS_STRING_CATALOGS = YES;
				MTL_ENABLE_DEBUG_INFO = INCLUDE_SOURCE;
				MTL_FAST_MATH = YES;
				ONLY_ACTIVE_ARCH = YES;
				SDKROOT = iphoneos;
				SWIFT_ACTIVE_COMPILATION_CONDITIONS = "DEBUG $(inherited)";
				SWIFT_OPTIMIZATION_LEVEL = "-Onone";
			};
			name = Debug;
		};
		365575542C50425100D808D3 /* Release */ = {
			isa = XCBuildConfiguration;
			buildSettings = {
				ALWAYS_SEARCH_USER_PATHS = NO;
				ASSETCATALOG_COMPILER_GENERATE_SWIFT_ASSET_SYMBOL_EXTENSIONS = YES;
				CLANG_ANALYZER_NONNULL = YES;
				CLANG_ANALYZER_NUMBER_OBJECT_CONVERSION = YES_AGGRESSIVE;
				CLANG_CXX_LANGUAGE_STANDARD = "gnu++20";
				CLANG_ENABLE_MODULES = YES;
				CLANG_ENABLE_OBJC_ARC = YES;
				CLANG_ENABLE_OBJC_WEAK = YES;
				CLANG_WARN_BLOCK_CAPTURE_AUTORELEASING = YES;
				CLANG_WARN_BOOL_CONVERSION = YES;
				CLANG_WARN_COMMA = YES;
				CLANG_WARN_CONSTANT_CONVERSION = YES;
				CLANG_WARN_DEPRECATED_OBJC_IMPLEMENTATIONS = YES;
				CLANG_WARN_DIRECT_OBJC_ISA_USAGE = YES_ERROR;
				CLANG_WARN_DOCUMENTATION_COMMENTS = YES;
				CLANG_WARN_EMPTY_BODY = YES;
				CLANG_WARN_ENUM_CONVERSION = YES;
				CLANG_WARN_INFINITE_RECURSION = YES;
				CLANG_WARN_INT_CONVERSION = YES;
				CLANG_WARN_NON_LITERAL_NULL_CONVERSION = YES;
				CLANG_WARN_OBJC_IMPLICIT_RETAIN_SELF = YES;
				CLANG_WARN_OBJC_LITERAL_CONVERSION = YES;
				CLANG_WARN_OBJC_ROOT_CLASS = YES_ERROR;
				CLANG_WARN_QUOTED_INCLUDE_IN_FRAMEWORK_HEADER = YES;
				CLANG_WARN_RANGE_LOOP_ANALYSIS = YES;
				CLANG_WARN_STRICT_PROTOTYPES = YES;
				CLANG_WARN_SUSPICIOUS_MOVE = YES;
				CLANG_WARN_UNGUARDED_AVAILABILITY = YES_AGGRESSIVE;
				CLANG_WARN_UNREACHABLE_CODE = YES;
				CLANG_WARN__DUPLICATE_METHOD_MATCH = YES;
				COPY_PHASE_STRIP = NO;
				DEBUG_INFORMATION_FORMAT = "dwarf-with-dsym";
				ENABLE_NS_ASSERTIONS = NO;
				ENABLE_STRICT_OBJC_MSGSEND = YES;
				ENABLE_USER_SCRIPT_SANDBOXING = NO;
				GCC_C_LANGUAGE_STANDARD = gnu17;
				GCC_NO_COMMON_BLOCKS = YES;
				GCC_WARN_64_TO_32_BIT_CONVERSION = YES;
				GCC_WARN_ABOUT_RETURN_TYPE = YES_ERROR;
				GCC_WARN_UNDECLARED_SELECTOR = YES;
				GCC_WARN_UNINITIALIZED_AUTOS = YES_AGGRESSIVE;
				GCC_WARN_UNUSED_FUNCTION = YES;
				GCC_WARN_UNUSED_VARIABLE = YES;
				IPHONEOS_DEPLOYMENT_TARGET = 17.2;
				LOCALIZATION_PREFERS_STRING_CATALOGS = YES;
				MTL_ENABLE_DEBUG_INFO = NO;
				MTL_FAST_MATH = YES;
				SDKROOT = iphoneos;
				SWIFT_COMPILATION_MODE = wholemodule;
				VALIDATE_PRODUCT = YES;
			};
			name = Release;
		};
		365575562C50425100D808D3 /* Debug */ = {
			isa = XCBuildConfiguration;
			baseConfigurationReference = 7555A9A227ED645B86C764E5 /* Pods-FirstViewCodeProject.debug.xcconfig */;
			buildSettings = {
				ASSETCATALOG_COMPILER_APPICON_NAME = AppIcon;
				ASSETCATALOG_COMPILER_GLOBAL_ACCENT_COLOR_NAME = AccentColor;
				CODE_SIGN_STYLE = Automatic;
				CURRENT_PROJECT_VERSION = 1;
				DEVELOPMENT_TEAM = 9VXHB7ZS42;
				GENERATE_INFOPLIST_FILE = YES;
				INFOPLIST_FILE = FirstViewCodeProject/Info.plist;
				INFOPLIST_KEY_UIApplicationSupportsIndirectInputEvents = YES;
				INFOPLIST_KEY_UILaunchStoryboardName = LaunchScreen;
				INFOPLIST_KEY_UIMainStoryboardFile = "";
				INFOPLIST_KEY_UISupportedInterfaceOrientations_iPad = "UIInterfaceOrientationPortrait UIInterfaceOrientationPortraitUpsideDown UIInterfaceOrientationLandscapeLeft UIInterfaceOrientationLandscapeRight";
				INFOPLIST_KEY_UISupportedInterfaceOrientations_iPhone = "UIInterfaceOrientationPortrait UIInterfaceOrientationLandscapeLeft UIInterfaceOrientationLandscapeRight";
				LD_RUNPATH_SEARCH_PATHS = (
					"$(inherited)",
					"@executable_path/Frameworks",
				);
				MARKETING_VERSION = 1.0;
				PRODUCT_BUNDLE_IDENTIFIER = botega.pedro.FirstViewCodeProject;
				PRODUCT_NAME = "$(TARGET_NAME)";
				SWIFT_EMIT_LOC_STRINGS = YES;
				SWIFT_VERSION = 5.0;
				TARGETED_DEVICE_FAMILY = "1,2";
			};
			name = Debug;
		};
		365575572C50425100D808D3 /* Release */ = {
			isa = XCBuildConfiguration;
			baseConfigurationReference = 5E8327782DB9C33E6732D4D3 /* Pods-FirstViewCodeProject.release.xcconfig */;
			buildSettings = {
				ASSETCATALOG_COMPILER_APPICON_NAME = AppIcon;
				ASSETCATALOG_COMPILER_GLOBAL_ACCENT_COLOR_NAME = AccentColor;
				CODE_SIGN_STYLE = Automatic;
				CURRENT_PROJECT_VERSION = 1;
				DEVELOPMENT_TEAM = 9VXHB7ZS42;
				GENERATE_INFOPLIST_FILE = YES;
				INFOPLIST_FILE = FirstViewCodeProject/Info.plist;
				INFOPLIST_KEY_UIApplicationSupportsIndirectInputEvents = YES;
				INFOPLIST_KEY_UILaunchStoryboardName = LaunchScreen;
				INFOPLIST_KEY_UIMainStoryboardFile = "";
				INFOPLIST_KEY_UISupportedInterfaceOrientations_iPad = "UIInterfaceOrientationPortrait UIInterfaceOrientationPortraitUpsideDown UIInterfaceOrientationLandscapeLeft UIInterfaceOrientationLandscapeRight";
				INFOPLIST_KEY_UISupportedInterfaceOrientations_iPhone = "UIInterfaceOrientationPortrait UIInterfaceOrientationLandscapeLeft UIInterfaceOrientationLandscapeRight";
				LD_RUNPATH_SEARCH_PATHS = (
					"$(inherited)",
					"@executable_path/Frameworks",
				);
				MARKETING_VERSION = 1.0;
				PRODUCT_BUNDLE_IDENTIFIER = botega.pedro.FirstViewCodeProject;
				PRODUCT_NAME = "$(TARGET_NAME)";
				SWIFT_EMIT_LOC_STRINGS = YES;
				SWIFT_VERSION = 5.0;
				TARGETED_DEVICE_FAMILY = "1,2";
			};
			name = Release;
		};
/* End XCBuildConfiguration section */

/* Begin XCConfigurationList section */
		3655753C2C50424B00D808D3 /* Build configuration list for PBXProject "FirstViewCodeProject" */ = {
			isa = XCConfigurationList;
			buildConfigurations = (
				365575532C50425100D808D3 /* Debug */,
				365575542C50425100D808D3 /* Release */,
			);
			defaultConfigurationIsVisible = 0;
			defaultConfigurationName = Release;
		};
		365575552C50425100D808D3 /* Build configuration list for PBXNativeTarget "FirstViewCodeProject" */ = {
			isa = XCConfigurationList;
			buildConfigurations = (
				365575562C50425100D808D3 /* Debug */,
				365575572C50425100D808D3 /* Release */,
			);
			defaultConfigurationIsVisible = 0;
			defaultConfigurationName = Release;
		};
/* End XCConfigurationList section */
	};
	rootObject = 365575392C50424B00D808D3 /* Project object */;
}
